github.com/p0n41k/goUseful v0.0.0-20240319143826-9d8bcc28bde7 h1:kHr+3rtGW5kryFRFHa+1IBDLpwmvBTY6Lia18RH1gAc=
github.com/p0n41k/goUseful v0.0.0-20240319143826-9d8bcc28bde7/go.mod h1:LMaErmz4OAUlDCMZw9QUtnQFZxaY3zFvIa14wSAe7Ak=
github.com/p0n41k/goUseful v0.0.0-20240321142634-238b2d8bade6 h1:0cBCEM/oRRmm9mfESg9r6HrxVLCdDfalfX/2dS1VrG4=
github.com/p0n41k/goUseful v0.0.0-20240321142634-238b2d8bade6/go.mod h1:LMaErmz4OAUlDCMZw9QUtnQFZxaY3zFvIa14wSAe7Ak=
github.com/p0n41k/goUseful v0.0.0-20240323183845-657101fa7d6b h1:i+LVzr+KWMAHTJ5p3SOv8RMdAU//H42YAKsYYLPhH9w=
github.com/p0n41k/goUseful v0.0.0-20240323183845-657101fa7d6b/go.mod h1:LMaErmz4OAUlDCMZw9QUtnQFZxaY3zFvIa14wSAe7Ak=
github.com/p0n41k/goUseful v0.0.0-20240408151005-6ec4cb5d0964 h1:oBnMPc3ap1lgyVl4P7f1DoiyQYbXPAxKothO9y9Rx28=
github.com/p0n41k/goUseful v0.0.0-20240408151005-6ec4cb5d0964/go.mod h1:LMaErmz4OAUlDCMZw9QUtnQFZxaY3zFvIa14wSAe7Ak=
golang.org/x/crypto v0.21.0 h1:X31++rzVUdKhX5sWmSOFZxx8UW/ldWx55cbf08iNAMA=
golang.org/x/crypto v0.21.0/go.mod h1:0BP7YvVV9gBbVKyeTG0Gyn+gZm94bibOW5BjDEYAOMs=
golang.org/x/sys v0.18.0 h1:DBdB3niSjOA/O0blCZBqDefyWNYveAYMNF1Wum0DYQ4=
golang.org/x/sys v0.18.0/go.mod h1:/VUhepiaJMQUp4+oa/7Zr1D23ma6VTLIYjOOTFZPUcA=
golang.org/x/sys v0.19.0 h1:q5f1RH2jigJ1MoAWp2KTp3gm5zAGFUTarQZ5U386+4o=
golang.org/x/sys v0.19.0/go.mod h1:/VUhepiaJMQUp4+oa/7Zr1D23ma6VTLIYjOOTFZPUcA=
golang.org/x/term v0.18.0 h1:FcHjZXDMxI8mM3nwhX9HlKop4C0YQvCVCdwYl2wOtE8=
golang.org/x/term v0.18.0/go.mod h1:ILwASektA3OnRv7amZ1xhE/KTR+u50pbXfZ03+6Nx58=
golang.org/x/term v0.19.0 h1:+ThwsDv+tYfnJFhF4L8jITxu1tdTWRTZpdsWgEgjL6Q=
golang.org/x/term v0.19.0/go.mod h1:2CuTdWZ7KHSQwUzKva0cbMg6q2DMI3Mmxp+gKJbskEk=
